
Microsoft Visual Studio Solution File, Format Version 12.00
# Visual Studio Version 16
VisualStudioVersion = 16.0.36107.64
MinimumVisualStudioVersion = 10.0.40219.1
Project("{FAE04EC0-301F-11D3-BF4B-00C04F79EFBC}") = "New_project", "New_project\New_project.csproj", "{02D6DC9E-06E9-432C-99FB-CDEEB19A722E}"
EndProject
Project("{FAE04EC0-301F-11D3-BF4B-00C04F79EFBC}") = "HealthBarUI", "HealthBarUI\HealthBarUI.csproj", "{AA6034FE-AEA5-404B-BDFA-97D05298616C}"
EndProject
Project("{FAE04EC0-301F-11D3-BF4B-00C04F79EFBC}") = "Poliklinika", "Poliklinika\Poliklinika.csproj", "{2FBF4B79-0678-4959-B45D-EF06DE6412FE}"
EndProject
Project("{FAE04EC0-301F-11D3-BF4B-00C04F79EFBC}") = "CityShuffle", "CityShuffle\CityShuffle.csproj", "{F4A76B43-D746-496E-A30A-FFEE5D1DC809}"
EndProject
Project("{FAE04EC0-301F-11D3-BF4B-00C04F79EFBC}") = "EmployeeList", "EmployeeList\EmployeeList.csproj", "{533B3E7C-8FCA-42ED-AE1B-BFC42C8BA8FB}"
EndProject
Project("{FAE04EC0-301F-11D3-BF4B-00C04F79EFBC}") = "brodilka", "brodilka\brodilka.csproj", "{828F0ACC-B629-4038-B90B-3E615540B32B}"
EndProject
Global
	GlobalSection(SolutionConfigurationPlatforms) = preSolution
		Debug|Any CPU = Debug|Any CPU
		Release|Any CPU = Release|Any CPU
	EndGlobalSection
	GlobalSection(ProjectConfigurationPlatforms) = postSolution
		{02D6DC9E-06E9-432C-99FB-CDEEB19A722E}.Debug|Any CPU.ActiveCfg = Debug|Any CPU
		{02D6DC9E-06E9-432C-99FB-CDEEB19A722E}.Debug|Any CPU.Build.0 = Debug|Any CPU
		{02D6DC9E-06E9-432C-99FB-CDEEB19A722E}.Release|Any CPU.ActiveCfg = Release|Any CPU
		{02D6DC9E-06E9-432C-99FB-CDEEB19A722E}.Release|Any CPU.Build.0 = Release|Any CPU
		{AA6034FE-AEA5-404B-BDFA-97D05298616C}.Debug|Any CPU.ActiveCfg = Debug|Any CPU
		{AA6034FE-AEA5-404B-BDFA-97D05298616C}.Debug|Any CPU.Build.0 = Debug|Any CPU
		{AA6034FE-AEA5-404B-BDFA-97D05298616C}.Release|Any CPU.ActiveCfg = Release|Any CPU
		{AA6034FE-AEA5-404B-BDFA-97D05298616C}.Release|Any CPU.Build.0 = Release|Any CPU
		{2FBF4B79-0678-4959-B45D-EF06DE6412FE}.Debug|Any CPU.ActiveCfg = Debug|Any CPU
		{2FBF4B79-0678-4959-B45D-EF06DE6412FE}.Debug|Any CPU.Build.0 = Debug|Any CPU
		{2FBF4B79-0678-4959-B45D-EF06DE6412FE}.Release|Any CPU.ActiveCfg = Release|Any CPU
		{2FBF4B79-0678-4959-B45D-EF06DE6412FE}.Release|Any CPU.Build.0 = Release|Any CPU
		{F4A76B43-D746-496E-A30A-FFEE5D1DC809}.Debug|Any CPU.ActiveCfg = Debug|Any CPU
		{F4A76B43-D746-496E-A30A-FFEE5D1DC809}.Debug|Any CPU.Build.0 = Debug|Any CPU
		{F4A76B43-D746-496E-A30A-FFEE5D1DC809}.Release|Any CPU.ActiveCfg = Release|Any CPU
		{F4A76B43-D746-496E-A30A-FFEE5D1DC809}.Release|Any CPU.Build.0 = Release|Any CPU
		{533B3E7C-8FCA-42ED-AE1B-BFC42C8BA8FB}.Debug|Any CPU.ActiveCfg = Debug|Any CPU
		{533B3E7C-8FCA-42ED-AE1B-BFC42C8BA8FB}.Debug|Any CPU.Build.0 = Debug|Any CPU
		{533B3E7C-8FCA-42ED-AE1B-BFC42C8BA8FB}.Release|Any CPU.ActiveCfg = Release|Any CPU
		{533B3E7C-8FCA-42ED-AE1B-BFC42C8BA8FB}.Release|Any CPU.Build.0 = Release|Any CPU
		{828F0ACC-B629-4038-B90B-3E615540B32B}.Debug|Any CPU.ActiveCfg = Debug|Any CPU
		{828F0ACC-B629-4038-B90B-3E615540B32B}.Debug|Any CPU.Build.0 = Debug|Any CPU
		{828F0ACC-B629-4038-B90B-3E615540B32B}.Release|Any CPU.ActiveCfg = Release|Any CPU
		{828F0ACC-B629-4038-B90B-3E615540B32B}.Release|Any CPU.Build.0 = Release|Any CPU
	EndGlobalSection
	GlobalSection(SolutionProperties) = preSolution
		HideSolutionNode = FALSE
	EndGlobalSection
	GlobalSection(ExtensibilityGlobals) = postSolution
		SolutionGuid = {AB5AA958-C96A-4D57-9C24-5BF790263D32}
	EndGlobalSection
EndGlobal
